Microsoft Visual Studio Solution File, Format Version 11.00
# Visual Studio 2008

Project("{B6E1B96F-88A1-FFB5-C742-A226C32497C1}") = "IAJ Movimento 2 4", "Assembly-CSharp.csproj", "{074F856D-938C-F5BD-2A03-F4CF394C8CAF}"
EndProject
Project("{B6E1B96F-88A1-FFB5-C742-A226C32497C1}") = "IAJ Movimento 2 4", "Assembly-CSharp-Editor.csproj", "{34D1B6AE-84DC-5D4F-F94B-7526D7E1F475}"
EndProject
Global
	GlobalSection(SolutionConfigurationPlatforms) = preSolution
		Debug|Any CPU = Debug|Any CPU
		Release|Any CPU = Release|Any CPU
	EndGlobalSection
	GlobalSection(ProjectConfigurationPlatforms) = postSolution
		{074F856D-938C-F5BD-2A03-F4CF394C8CAF}.Debug|Any CPU.ActiveCfg = Debug|Any CPU
		{074F856D-938C-F5BD-2A03-F4CF394C8CAF}.Debug|Any CPU.Build.0 = Debug|Any CPU
		{074F856D-938C-F5BD-2A03-F4CF394C8CAF}.Release|Any CPU.ActiveCfg = Release|Any CPU
		{074F856D-938C-F5BD-2A03-F4CF394C8CAF}.Release|Any CPU.Build.0 = Release|Any CPU
		{34D1B6AE-84DC-5D4F-F94B-7526D7E1F475}.Debug|Any CPU.ActiveCfg = Debug|Any CPU
		{34D1B6AE-84DC-5D4F-F94B-7526D7E1F475}.Debug|Any CPU.Build.0 = Debug|Any CPU
		{34D1B6AE-84DC-5D4F-F94B-7526D7E1F475}.Release|Any CPU.ActiveCfg = Release|Any CPU
		{34D1B6AE-84DC-5D4F-F94B-7526D7E1F475}.Release|Any CPU.Build.0 = Release|Any CPU
	EndGlobalSection
	GlobalSection(SolutionProperties) = preSolution
		HideSolutionNode = FALSE
	EndGlobalSection
	GlobalSection(MonoDevelopProperties) = preSolution
		StartupItem = Assembly-CSharp.csproj
		Policies = $0
		$0.TextStylePolicy = $1
		$1.inheritsSet = null
		$1.scope = text/x-csharp
		$0.CSharpFormattingPolicy = $2
		$2.inheritsSet = Mono
		$2.inheritsScope = text/x-csharp
		$2.scope = text/x-csharp
		$0.TextStylePolicy = $3
		$3.FileWidth = 120
		$3.TabWidth = 4
		$3.IndentWidth = 4
		$3.EolMarker = Unix
		$3.inheritsSet = Mono
		$3.inheritsScope = text/plain
		$3.scope = text/plain
	EndGlobalSection
EndGlobal
